
Microsoft Visual Studio Solution File, Format Version 12.00
# Visual Studio Version 17
VisualStudioVersion = 17.14.36212.18
MinimumVisualStudioVersion = 10.0.40219.1
Project("{2150E333-8FDC-42A3-9474-1A3956D46DE8}") = "Users", "Users", "{36D591C7-65C7-A0D1-1CBC-10CDE441BDC8}"
EndProject
Project("{FAE04EC0-301F-11D3-BF4B-00C04F79EFBC}") = "InnoShop.Users.Api", "Users\InnoShop.Users.Api\InnoShop.Users.Api.csproj", "{F366564F-0268-6632-491B-60CB31CB7CCD}"
EndProject
Project("{FAE04EC0-301F-11D3-BF4B-00C04F79EFBC}") = "InnoShop.Users.Application", "Users\InnoShop.Users.Application\InnoShop.Users.Application.csproj", "{C7B87E79-F9E3-061D-8DF0-A89BB7430B59}"
EndProject
Project("{FAE04EC0-301F-11D3-BF4B-00C04F79EFBC}") = "InnoShop.Users.Domain", "Users\InnoShop.Users.Domain\InnoShop.Users.Domain.csproj", "{28EF07E6-0F5D-57C0-FE55-139DF24E02A2}"
EndProject
Project("{FAE04EC0-301F-11D3-BF4B-00C04F79EFBC}") = "InnoShop.Users.Infrastructure", "Users\InnoShop.Users.Infrastructure\InnoShop.Users.Infrastructure.csproj", "{3D6C21ED-16A5-BCF4-D984-07284CD11D60}"
EndProject
Project("{FAE04EC0-301F-11D3-BF4B-00C04F79EFBC}") = "InnoShop.Users.Tests", "Users\InnoShop.Users.Tests\InnoShop.Users.Tests.csproj", "{C6CB77CC-F927-2061-5376-9EB849D2C711}"
EndProject
Project("{2150E333-8FDC-42A3-9474-1A3956D46DE8}") = "Products", "Products", "{91DB166F-8FA8-D710-9FF9-784B929F57E0}"
EndProject
Project("{FAE04EC0-301F-11D3-BF4B-00C04F79EFBC}") = "InnoShop.Products.Api", "Products\InnoShop.Products.Api\InnoShop.Products.Api.csproj", "{23AB8078-8F78-4F92-AF94-5583F3FF8671}"
EndProject
Project("{FAE04EC0-301F-11D3-BF4B-00C04F79EFBC}") = "InnoShop.Products.Application", "Products\InnoShop.Products.Application\InnoShop.Products.Application.csproj", "{21F2B535-044F-41C4-B0DC-4F80BC72B4AD}"
EndProject
Project("{FAE04EC0-301F-11D3-BF4B-00C04F79EFBC}") = "InnoShop.Products.Domain", "Products\InnoShop.Products.Domain\InnoShop.Products.Domain.csproj", "{0F7F2E5D-2605-4FFA-9D27-28DC16571108}"
EndProject
Project("{FAE04EC0-301F-11D3-BF4B-00C04F79EFBC}") = "InnoShop.Products.Infrastructure", "Products\InnoShop.Products.Infrastructure\InnoShop.Products.Infrastructure.csproj", "{E900BAFB-1B88-4EED-B7BA-816FD97DBF63}"
EndProject
Project("{FAE04EC0-301F-11D3-BF4B-00C04F79EFBC}") = "InnoShop.ApiGateway", "InnoShop.ApiGateway\InnoShop.ApiGateway.csproj", "{E8517BD6-22C6-405B-BECF-E426315EBF19}"
EndProject
Project("{FAE04EC0-301F-11D3-BF4B-00C04F79EFBC}") = "InnoShop.Shared", "InnoShop.Shared\InnoShop.Shared.csproj", "{2727D5FF-57D8-4E49-8E11-F9C1E1D40C94}"
EndProject
Project("{2150E333-8FDC-42A3-9474-1A3956D46DE8}") = "Элементы решения", "Элементы решения", "{754FC069-D67B-A9D7-50A1-8D1CA196D8F1}"
	ProjectSection(SolutionItems) = preProject
		docker-compose.yml = docker-compose.yml
		README .txt = README .txt
	EndProjectSection
EndProject
Project("{FAE04EC0-301F-11D3-BF4B-00C04F79EFBC}") = "InnoShop.Products.Tests", "InnoShop.Products.Tests\InnoShop.Products.Tests.csproj", "{65098CBE-3B85-4053-A76A-123D9F48240D}"
EndProject
Global
	GlobalSection(SolutionConfigurationPlatforms) = preSolution
		Debug|Any CPU = Debug|Any CPU
		Debug|x64 = Debug|x64
		Debug|x86 = Debug|x86
		Release|Any CPU = Release|Any CPU
		Release|x64 = Release|x64
		Release|x86 = Release|x86
	EndGlobalSection
	GlobalSection(ProjectConfigurationPlatforms) = postSolution
		{F366564F-0268-6632-491B-60CB31CB7CCD}.Debug|Any CPU.ActiveCfg = Debug|Any CPU
		{F366564F-0268-6632-491B-60CB31CB7CCD}.Debug|Any CPU.Build.0 = Debug|Any CPU
		{F366564F-0268-6632-491B-60CB31CB7CCD}.Debug|x64.ActiveCfg = Debug|Any CPU
		{F366564F-0268-6632-491B-60CB31CB7CCD}.Debug|x64.Build.0 = Debug|Any CPU
		{F366564F-0268-6632-491B-60CB31CB7CCD}.Debug|x86.ActiveCfg = Debug|Any CPU
		{F366564F-0268-6632-491B-60CB31CB7CCD}.Debug|x86.Build.0 = Debug|Any CPU
		{F366564F-0268-6632-491B-60CB31CB7CCD}.Release|Any CPU.ActiveCfg = Release|Any CPU
		{F366564F-0268-6632-491B-60CB31CB7CCD}.Release|Any CPU.Build.0 = Release|Any CPU
		{F366564F-0268-6632-491B-60CB31CB7CCD}.Release|x64.ActiveCfg = Release|Any CPU
		{F366564F-0268-6632-491B-60CB31CB7CCD}.Release|x64.Build.0 = Release|Any CPU
		{F366564F-0268-6632-491B-60CB31CB7CCD}.Release|x86.ActiveCfg = Release|Any CPU
		{F366564F-0268-6632-491B-60CB31CB7CCD}.Release|x86.Build.0 = Release|Any CPU
		{C7B87E79-F9E3-061D-8DF0-A89BB7430B59}.Debug|Any CPU.ActiveCfg = Debug|Any CPU
		{C7B87E79-F9E3-061D-8DF0-A89BB7430B59}.Debug|Any CPU.Build.0 = Debug|Any CPU
		{C7B87E79-F9E3-061D-8DF0-A89BB7430B59}.Debug|x64.ActiveCfg = Debug|Any CPU
		{C7B87E79-F9E3-061D-8DF0-A89BB7430B59}.Debug|x64.Build.0 = Debug|Any CPU
		{C7B87E79-F9E3-061D-8DF0-A89BB7430B59}.Debug|x86.ActiveCfg = Debug|Any CPU
		{C7B87E79-F9E3-061D-8DF0-A89BB7430B59}.Debug|x86.Build.0 = Debug|Any CPU
		{C7B87E79-F9E3-061D-8DF0-A89BB7430B59}.Release|Any CPU.ActiveCfg = Release|Any CPU
		{C7B87E79-F9E3-061D-8DF0-A89BB7430B59}.Release|Any CPU.Build.0 = Release|Any CPU
		{C7B87E79-F9E3-061D-8DF0-A89BB7430B59}.Release|x64.ActiveCfg = Release|Any CPU
		{C7B87E79-F9E3-061D-8DF0-A89BB7430B59}.Release|x64.Build.0 = Release|Any CPU
		{C7B87E79-F9E3-061D-8DF0-A89BB7430B59}.Release|x86.ActiveCfg = Release|Any CPU
		{C7B87E79-F9E3-061D-8DF0-A89BB7430B59}.Release|x86.Build.0 = Release|Any CPU
		{28EF07E6-0F5D-57C0-FE55-139DF24E02A2}.Debug|Any CPU.ActiveCfg = Debug|Any CPU
		{28EF07E6-0F5D-57C0-FE55-139DF24E02A2}.Debug|Any CPU.Build.0 = Debug|Any CPU
		{28EF07E6-0F5D-57C0-FE55-139DF24E02A2}.Debug|x64.ActiveCfg = Debug|Any CPU
		{28EF07E6-0F5D-57C0-FE55-139DF24E02A2}.Debug|x64.Build.0 = Debug|Any CPU
		{28EF07E6-0F5D-57C0-FE55-139DF24E02A2}.Debug|x86.ActiveCfg = Debug|Any CPU
		{28EF07E6-0F5D-57C0-FE55-139DF24E02A2}.Debug|x86.Build.0 = Debug|Any CPU
		{28EF07E6-0F5D-57C0-FE55-139DF24E02A2}.Release|Any CPU.ActiveCfg = Release|Any CPU
		{28EF07E6-0F5D-57C0-FE55-139DF24E02A2}.Release|Any CPU.Build.0 = Release|Any CPU
		{28EF07E6-0F5D-57C0-FE55-139DF24E02A2}.Release|x64.ActiveCfg = Release|Any CPU
		{28EF07E6-0F5D-57C0-FE55-139DF24E02A2}.Release|x64.Build.0 = Release|Any CPU
		{28EF07E6-0F5D-57C0-FE55-139DF24E02A2}.Release|x86.ActiveCfg = Release|Any CPU
		{28EF07E6-0F5D-57C0-FE55-139DF24E02A2}.Release|x86.Build.0 = Release|Any CPU
		{3D6C21ED-16A5-BCF4-D984-07284CD11D60}.Debug|Any CPU.ActiveCfg = Debug|Any CPU
		{3D6C21ED-16A5-BCF4-D984-07284CD11D60}.Debug|Any CPU.Build.0 = Debug|Any CPU
		{3D6C21ED-16A5-BCF4-D984-07284CD11D60}.Debug|x64.ActiveCfg = Debug|Any CPU
		{3D6C21ED-16A5-BCF4-D984-07284CD11D60}.Debug|x64.Build.0 = Debug|Any CPU
		{3D6C21ED-16A5-BCF4-D984-07284CD11D60}.Debug|x86.ActiveCfg = Debug|Any CPU
		{3D6C21ED-16A5-BCF4-D984-07284CD11D60}.Debug|x86.Build.0 = Debug|Any CPU
		{3D6C21ED-16A5-BCF4-D984-07284CD11D60}.Release|Any CPU.ActiveCfg = Release|Any CPU
		{3D6C21ED-16A5-BCF4-D984-07284CD11D60}.Release|Any CPU.Build.0 = Release|Any CPU
		{3D6C21ED-16A5-BCF4-D984-07284CD11D60}.Release|x64.ActiveCfg = Release|Any CPU
		{3D6C21ED-16A5-BCF4-D984-07284CD11D60}.Release|x64.Build.0 = Release|Any CPU
		{3D6C21ED-16A5-BCF4-D984-07284CD11D60}.Release|x86.ActiveCfg = Release|Any CPU
		{3D6C21ED-16A5-BCF4-D984-07284CD11D60}.Release|x86.Build.0 = Release|Any CPU
		{C6CB77CC-F927-2061-5376-9EB849D2C711}.Debug|Any CPU.ActiveCfg = Debug|Any CPU
		{C6CB77CC-F927-2061-5376-9EB849D2C711}.Debug|Any CPU.Build.0 = Debug|Any CPU
		{C6CB77CC-F927-2061-5376-9EB849D2C711}.Debug|x64.ActiveCfg = Debug|Any CPU
		{C6CB77CC-F927-2061-5376-9EB849D2C711}.Debug|x64.Build.0 = Debug|Any CPU
		{C6CB77CC-F927-2061-5376-9EB849D2C711}.Debug|x86.ActiveCfg = Debug|Any CPU
		{C6CB77CC-F927-2061-5376-9EB849D2C711}.Debug|x86.Build.0 = Debug|Any CPU
		{C6CB77CC-F927-2061-5376-9EB849D2C711}.Release|Any CPU.ActiveCfg = Release|Any CPU
		{C6CB77CC-F927-2061-5376-9EB849D2C711}.Release|Any CPU.Build.0 = Release|Any CPU
		{C6CB77CC-F927-2061-5376-9EB849D2C711}.Release|x64.ActiveCfg = Release|Any CPU
		{C6CB77CC-F927-2061-5376-9EB849D2C711}.Release|x64.Build.0 = Release|Any CPU
		{C6CB77CC-F927-2061-5376-9EB849D2C711}.Release|x86.ActiveCfg = Release|Any CPU
		{C6CB77CC-F927-2061-5376-9EB849D2C711}.Release|x86.Build.0 = Release|Any CPU
		{23AB8078-8F78-4F92-AF94-5583F3FF8671}.Debug|Any CPU.ActiveCfg = Debug|Any CPU
		{23AB8078-8F78-4F92-AF94-5583F3FF8671}.Debug|Any CPU.Build.0 = Debug|Any CPU
		{23AB8078-8F78-4F92-AF94-5583F3FF8671}.Debug|x64.ActiveCfg = Debug|Any CPU
		{23AB8078-8F78-4F92-AF94-5583F3FF8671}.Debug|x64.Build.0 = Debug|Any CPU
		{23AB8078-8F78-4F92-AF94-5583F3FF8671}.Debug|x86.ActiveCfg = Debug|Any CPU
		{23AB8078-8F78-4F92-AF94-5583F3FF8671}.Debug|x86.Build.0 = Debug|Any CPU
		{23AB8078-8F78-4F92-AF94-5583F3FF8671}.Release|Any CPU.ActiveCfg = Release|Any CPU
		{23AB8078-8F78-4F92-AF94-5583F3FF8671}.Release|Any CPU.Build.0 = Release|Any CPU
		{23AB8078-8F78-4F92-AF94-5583F3FF8671}.Release|x64.ActiveCfg = Release|Any CPU
		{23AB8078-8F78-4F92-AF94-5583F3FF8671}.Release|x64.Build.0 = Release|Any CPU
		{23AB8078-8F78-4F92-AF94-5583F3FF8671}.Release|x86.ActiveCfg = Release|Any CPU
		{23AB8078-8F78-4F92-AF94-5583F3FF8671}.Release|x86.Build.0 = Release|Any CPU
		{21F2B535-044F-41C4-B0DC-4F80BC72B4AD}.Debug|Any CPU.ActiveCfg = Debug|Any CPU
		{21F2B535-044F-41C4-B0DC-4F80BC72B4AD}.Debug|Any CPU.Build.0 = Debug|Any CPU
		{21F2B535-044F-41C4-B0DC-4F80BC72B4AD}.Debug|x64.ActiveCfg = Debug|Any CPU
		{21F2B535-044F-41C4-B0DC-4F80BC72B4AD}.Debug|x64.Build.0 = Debug|Any CPU
		{21F2B535-044F-41C4-B0DC-4F80BC72B4AD}.Debug|x86.ActiveCfg = Debug|Any CPU
		{21F2B535-044F-41C4-B0DC-4F80BC72B4AD}.Debug|x86.Build.0 = Debug|Any CPU
		{21F2B535-044F-41C4-B0DC-4F80BC72B4AD}.Release|Any CPU.ActiveCfg = Release|Any CPU
		{21F2B535-044F-41C4-B0DC-4F80BC72B4AD}.Release|Any CPU.Build.0 = Release|Any CPU
		{21F2B535-044F-41C4-B0DC-4F80BC72B4AD}.Release|x64.ActiveCfg = Release|Any CPU
		{21F2B535-044F-41C4-B0DC-4F80BC72B4AD}.Release|x64.Build.0 = Release|Any CPU
		{21F2B535-044F-41C4-B0DC-4F80BC72B4AD}.Release|x86.ActiveCfg = Release|Any CPU
		{21F2B535-044F-41C4-B0DC-4F80BC72B4AD}.Release|x86.Build.0 = Release|Any CPU
		{0F7F2E5D-2605-4FFA-9D27-28DC16571108}.Debug|Any CPU.ActiveCfg = Debug|Any CPU
		{0F7F2E5D-2605-4FFA-9D27-28DC16571108}.Debug|Any CPU.Build.0 = Debug|Any CPU
		{0F7F2E5D-2605-4FFA-9D27-28DC16571108}.Debug|x64.ActiveCfg = Debug|Any CPU
		{0F7F2E5D-2605-4FFA-9D27-28DC16571108}.Debug|x64.Build.0 = Debug|Any CPU
		{0F7F2E5D-2605-4FFA-9D27-28DC16571108}.Debug|x86.ActiveCfg = Debug|Any CPU
		{0F7F2E5D-2605-4FFA-9D27-28DC16571108}.Debug|x86.Build.0 = Debug|Any CPU
		{0F7F2E5D-2605-4FFA-9D27-28DC16571108}.Release|Any CPU.ActiveCfg = Release|Any CPU
		{0F7F2E5D-2605-4FFA-9D27-28DC16571108}.Release|Any CPU.Build.0 = Release|Any CPU
		{0F7F2E5D-2605-4FFA-9D27-28DC16571108}.Release|x64.ActiveCfg = Release|Any CPU
		{0F7F2E5D-2605-4FFA-9D27-28DC16571108}.Release|x64.Build.0 = Release|Any CPU
		{0F7F2E5D-2605-4FFA-9D27-28DC16571108}.Release|x86.ActiveCfg = Release|Any CPU
		{0F7F2E5D-2605-4FFA-9D27-28DC16571108}.Release|x86.Build.0 = Release|Any CPU
		{E900BAFB-1B88-4EED-B7BA-816FD97DBF63}.Debug|Any CPU.ActiveCfg = Debug|Any CPU
		{E900BAFB-1B88-4EED-B7BA-816FD97DBF63}.Debug|Any CPU.Build.0 = Debug|Any CPU
		{E900BAFB-1B88-4EED-B7BA-816FD97DBF63}.Debug|x64.ActiveCfg = Debug|Any CPU
		{E900BAFB-1B88-4EED-B7BA-816FD97DBF63}.Debug|x64.Build.0 = Debug|Any CPU
		{E900BAFB-1B88-4EED-B7BA-816FD97DBF63}.Debug|x86.ActiveCfg = Debug|Any CPU
		{E900BAFB-1B88-4EED-B7BA-816FD97DBF63}.Debug|x86.Build.0 = Debug|Any CPU
		{E900BAFB-1B88-4EED-B7BA-816FD97DBF63}.Release|Any CPU.ActiveCfg = Release|Any CPU
		{E900BAFB-1B88-4EED-B7BA-816FD97DBF63}.Release|Any CPU.Build.0 = Release|Any CPU
		{E900BAFB-1B88-4EED-B7BA-816FD97DBF63}.Release|x64.ActiveCfg = Release|Any CPU
		{E900BAFB-1B88-4EED-B7BA-816FD97DBF63}.Release|x64.Build.0 = Release|Any CPU
		{E900BAFB-1B88-4EED-B7BA-816FD97DBF63}.Release|x86.ActiveCfg = Release|Any CPU
		{E900BAFB-1B88-4EED-B7BA-816FD97DBF63}.Release|x86.Build.0 = Release|Any CPU
		{E8517BD6-22C6-405B-BECF-E426315EBF19}.Debug|Any CPU.ActiveCfg = Debug|Any CPU
		{E8517BD6-22C6-405B-BECF-E426315EBF19}.Debug|Any CPU.Build.0 = Debug|Any CPU
		{E8517BD6-22C6-405B-BECF-E426315EBF19}.Debug|x64.ActiveCfg = Debug|Any CPU
		{E8517BD6-22C6-405B-BECF-E426315EBF19}.Debug|x64.Build.0 = Debug|Any CPU
		{E8517BD6-22C6-405B-BECF-E426315EBF19}.Debug|x86.ActiveCfg = Debug|Any CPU
		{E8517BD6-22C6-405B-BECF-E426315EBF19}.Debug|x86.Build.0 = Debug|Any CPU
		{E8517BD6-22C6-405B-BECF-E426315EBF19}.Release|Any CPU.ActiveCfg = Release|Any CPU
		{E8517BD6-22C6-405B-BECF-E426315EBF19}.Release|Any CPU.Build.0 = Release|Any CPU
		{E8517BD6-22C6-405B-BECF-E426315EBF19}.Release|x64.ActiveCfg = Release|Any CPU
		{E8517BD6-22C6-405B-BECF-E426315EBF19}.Release|x64.Build.0 = Release|Any CPU
		{E8517BD6-22C6-405B-BECF-E426315EBF19}.Release|x86.ActiveCfg = Release|Any CPU
		{E8517BD6-22C6-405B-BECF-E426315EBF19}.Release|x86.Build.0 = Release|Any CPU
		{2727D5FF-57D8-4E49-8E11-F9C1E1D40C94}.Debug|Any CPU.ActiveCfg = Debug|Any CPU
		{2727D5FF-57D8-4E49-8E11-F9C1E1D40C94}.Debug|Any CPU.Build.0 = Debug|Any CPU
		{2727D5FF-57D8-4E49-8E11-F9C1E1D40C94}.Debug|x64.ActiveCfg = Debug|Any CPU
		{2727D5FF-57D8-4E49-8E11-F9C1E1D40C94}.Debug|x64.Build.0 = Debug|Any CPU
		{2727D5FF-57D8-4E49-8E11-F9C1E1D40C94}.Debug|x86.ActiveCfg = Debug|Any CPU
		{2727D5FF-57D8-4E49-8E11-F9C1E1D40C94}.Debug|x86.Build.0 = Debug|Any CPU
		{2727D5FF-57D8-4E49-8E11-F9C1E1D40C94}.Release|Any CPU.ActiveCfg = Release|Any CPU
		{2727D5FF-57D8-4E49-8E11-F9C1E1D40C94}.Release|Any CPU.Build.0 = Release|Any CPU
		{2727D5FF-57D8-4E49-8E11-F9C1E1D40C94}.Release|x64.ActiveCfg = Release|Any CPU
		{2727D5FF-57D8-4E49-8E11-F9C1E1D40C94}.Release|x64.Build.0 = Release|Any CPU
		{2727D5FF-57D8-4E49-8E11-F9C1E1D40C94}.Release|x86.ActiveCfg = Release|Any CPU
		{2727D5FF-57D8-4E49-8E11-F9C1E1D40C94}.Release|x86.Build.0 = Release|Any CPU
		{65098CBE-3B85-4053-A76A-123D9F48240D}.Debug|Any CPU.ActiveCfg = Debug|Any CPU
		{65098CBE-3B85-4053-A76A-123D9F48240D}.Debug|Any CPU.Build.0 = Debug|Any CPU
		{65098CBE-3B85-4053-A76A-123D9F48240D}.Debug|x64.ActiveCfg = Debug|Any CPU
		{65098CBE-3B85-4053-A76A-123D9F48240D}.Debug|x64.Build.0 = Debug|Any CPU
		{65098CBE-3B85-4053-A76A-123D9F48240D}.Debug|x86.ActiveCfg = Debug|Any CPU
		{65098CBE-3B85-4053-A76A-123D9F48240D}.Debug|x86.Build.0 = Debug|Any CPU
		{65098CBE-3B85-4053-A76A-123D9F48240D}.Release|Any CPU.ActiveCfg = Release|Any CPU
		{65098CBE-3B85-4053-A76A-123D9F48240D}.Release|Any CPU.Build.0 = Release|Any CPU
		{65098CBE-3B85-4053-A76A-123D9F48240D}.Release|x64.ActiveCfg = Release|Any CPU
		{65098CBE-3B85-4053-A76A-123D9F48240D}.Release|x64.Build.0 = Release|Any CPU
		{65098CBE-3B85-4053-A76A-123D9F48240D}.Release|x86.ActiveCfg = Release|Any CPU
		{65098CBE-3B85-4053-A76A-123D9F48240D}.Release|x86.Build.0 = Release|Any CPU
	EndGlobalSection
	GlobalSection(SolutionProperties) = preSolution
		HideSolutionNode = FALSE
	EndGlobalSection
	GlobalSection(NestedProjects) = preSolution
		{F366564F-0268-6632-491B-60CB31CB7CCD} = {36D591C7-65C7-A0D1-1CBC-10CDE441BDC8}
		{C7B87E79-F9E3-061D-8DF0-A89BB7430B59} = {36D591C7-65C7-A0D1-1CBC-10CDE441BDC8}
		{28EF07E6-0F5D-57C0-FE55-139DF24E02A2} = {36D591C7-65C7-A0D1-1CBC-10CDE441BDC8}
		{3D6C21ED-16A5-BCF4-D984-07284CD11D60} = {36D591C7-65C7-A0D1-1CBC-10CDE441BDC8}
		{C6CB77CC-F927-2061-5376-9EB849D2C711} = {36D591C7-65C7-A0D1-1CBC-10CDE441BDC8}
		{23AB8078-8F78-4F92-AF94-5583F3FF8671} = {91DB166F-8FA8-D710-9FF9-784B929F57E0}
		{21F2B535-044F-41C4-B0DC-4F80BC72B4AD} = {91DB166F-8FA8-D710-9FF9-784B929F57E0}
		{0F7F2E5D-2605-4FFA-9D27-28DC16571108} = {91DB166F-8FA8-D710-9FF9-784B929F57E0}
		{E900BAFB-1B88-4EED-B7BA-816FD97DBF63} = {91DB166F-8FA8-D710-9FF9-784B929F57E0}
		{65098CBE-3B85-4053-A76A-123D9F48240D} = {91DB166F-8FA8-D710-9FF9-784B929F57E0}
	EndGlobalSection
	GlobalSection(ExtensibilityGlobals) = postSolution
		SolutionGuid = {057B48C5-7116-4DE8-9176-4482810FA8D7}
	EndGlobalSection
EndGlobal
